
Microsoft Visual Studio Solution File, Format Version 12.00
# Visual Studio Version 16
VisualStudioVersion = 16.0.31112.23
MinimumVisualStudioVersion = 10.0.40219.1
Project("{9A19103F-16F7-4668-BE54-9A1E7A4F7556}") = "GabrielCortesT21UnitTest", "GabrielCortesT21UnitTest\GabrielCortesT21UnitTest.csproj", "{CCAFF274-2875-4DD9-83F8-D47538E5DE67}"
EndProject
Project("{9A19103F-16F7-4668-BE54-9A1E7A4F7556}") = "GabrielCortesT21Testing", "GabrielCortesT21Test\GabrielCortesT21Testing.csproj", "{BFEB359D-F9F8-4E21-A1D5-0497C32494BA}"
EndProject
Global
	GlobalSection(SolutionConfigurationPlatforms) = preSolution
		Debug|Any CPU = Debug|Any CPU
		Release|Any CPU = Release|Any CPU
	EndGlobalSection
	GlobalSection(ProjectConfigurationPlatforms) = postSolution
		{CCAFF274-2875-4DD9-83F8-D47538E5DE67}.Debug|Any CPU.ActiveCfg = Debug|Any CPU
		{CCAFF274-2875-4DD9-83F8-D47538E5DE67}.Debug|Any CPU.Build.0 = Debug|Any CPU
		{CCAFF274-2875-4DD9-83F8-D47538E5DE67}.Release|Any CPU.ActiveCfg = Release|Any CPU
		{CCAFF274-2875-4DD9-83F8-D47538E5DE67}.Release|Any CPU.Build.0 = Release|Any CPU
		{BFEB359D-F9F8-4E21-A1D5-0497C32494BA}.Debug|Any CPU.ActiveCfg = Debug|Any CPU
		{BFEB359D-F9F8-4E21-A1D5-0497C32494BA}.Debug|Any CPU.Build.0 = Debug|Any CPU
		{BFEB359D-F9F8-4E21-A1D5-0497C32494BA}.Release|Any CPU.ActiveCfg = Release|Any CPU
		{BFEB359D-F9F8-4E21-A1D5-0497C32494BA}.Release|Any CPU.Build.0 = Release|Any CPU
	EndGlobalSection
	GlobalSection(SolutionProperties) = preSolution
		HideSolutionNode = FALSE
	EndGlobalSection
	GlobalSection(ExtensibilityGlobals) = postSolution
		SolutionGuid = {E585698D-25A8-4811-9EFB-CEA0CFF4FC79}
	EndGlobalSection
EndGlobal
